
Microsoft Visual Studio Solution File, Format Version 12.00
# Visual Studio Version 17
VisualStudioVersion = 17.5.002.0
MinimumVisualStudioVersion = 10.0.40219.1
Project("{9A19103F-16F7-4668-BE54-9A1E7A4F7556}") = "myWebApp", "src\myWebApp.csproj", "{B77E82A1-FC85-4A7F-B619-75507927A0B4}"
EndProject
Project("{9A19103F-16F7-4668-BE54-9A1E7A4F7556}") = "tests", "tests\tests.csproj", "{642AC107-9B04-4CDF-8EFA-3901AD8D9B6D}"
EndProject
Global
	GlobalSection(SolutionConfigurationPlatforms) = preSolution
		Debug|Any CPU = Debug|Any CPU
		Release|Any CPU = Release|Any CPU
	EndGlobalSection
	GlobalSection(ProjectConfigurationPlatforms) = postSolution
		{B77E82A1-FC85-4A7F-B619-75507927A0B4}.Debug|Any CPU.ActiveCfg = Debug|Any CPU
		{B77E82A1-FC85-4A7F-B619-75507927A0B4}.Debug|Any CPU.Build.0 = Debug|Any CPU
		{B77E82A1-FC85-4A7F-B619-75507927A0B4}.Release|Any CPU.ActiveCfg = Release|Any CPU
		{B77E82A1-FC85-4A7F-B619-75507927A0B4}.Release|Any CPU.Build.0 = Release|Any CPU
		{642AC107-9B04-4CDF-8EFA-3901AD8D9B6D}.Debug|Any CPU.ActiveCfg = Debug|Any CPU
		{642AC107-9B04-4CDF-8EFA-3901AD8D9B6D}.Debug|Any CPU.Build.0 = Debug|Any CPU
		{642AC107-9B04-4CDF-8EFA-3901AD8D9B6D}.Release|Any CPU.ActiveCfg = Release|Any CPU
		{642AC107-9B04-4CDF-8EFA-3901AD8D9B6D}.Release|Any CPU.Build.0 = Release|Any CPU
	EndGlobalSection
	GlobalSection(SolutionProperties) = preSolution
		HideSolutionNode = FALSE
	EndGlobalSection
	GlobalSection(ExtensibilityGlobals) = postSolution
		SolutionGuid = {6D04E459-A2C5-45D0-9D4C-51C4DA611DF6}
	EndGlobalSection
EndGlobal
